<Solution>
	<Folder Name="/solution files/">
		<File Path=".gitignore" />
		<File Path="LICENSE" />
		<File Path="README.md" />
	</Folder>
	<Project Path="MonkeySharp.AbstractSyntaxTree/MonkeySharp.AbstractSyntaxTree.csproj" />
	<Project Path="MonkeySharp.Benchmarks/MonkeySharp.Benchmarks.csproj" />
	<Project Path="MonkeySharp.BytecodeVm/MonkeySharp.BytecodeVm.csproj" />
	<Project Path="MonkeySharp.Cli/MonkeySharp.Cli.csproj" />
	<Project Path="MonkeySharp.ReflectionEmit/MonkeySharp.ReflectionEmit.csproj" />
	<Project Path="MonkeySharp.Tests/MonkeySharp.Tests.csproj" />
	<Project Path="MonkeySharp.TreeWalk/MonkeySharp.TreeWalk.csproj" />
</Solution>
